// !$*UTF8*$!
{
	archiveVersion = 1;
	classes = {
	};
	objectVersion = 56;
	objects = {

/* Begin PBXBuildFile section */
		ED0A88112B0267F50074A696 /* AnimatableDataBootCamp.swift in Sources */ = {isa = PBXBuildFile; fileRef = ED0A88102B0267F50074A696 /* AnimatableDataBootCamp.swift */; };
		ED0A88132B026D350074A696 /* GenericsBootCamp.swift in Sources */ = {isa = PBXBuildFile; fileRef = ED0A88122B026D350074A696 /* GenericsBootCamp.swift */; };
		ED1728FD2AFFC07600A76DA3 /* AnyTransitionBootCamp.swift in Sources */ = {isa = PBXBuildFile; fileRef = ED1728FC2AFFC07600A76DA3 /* AnyTransitionBootCamp.swift */; };
		ED18780B2B00F37D007C20D4 /* CustomShapesBootCamp.swift in Sources */ = {isa = PBXBuildFile; fileRef = ED18780A2B00F37D007C20D4 /* CustomShapesBootCamp.swift */; };
		ED18780D2B00F9C0007C20D4 /* CustomCurvesBootCamp.swift in Sources */ = {isa = PBXBuildFile; fileRef = ED18780C2B00F9C0007C20D4 /* CustomCurvesBootCamp.swift */; };
		ED44490A2B39BF6F006E5062 /* FuturesBootCamp.swift in Sources */ = {isa = PBXBuildFile; fileRef = ED4449092B39BF6F006E5062 /* FuturesBootCamp.swift */; };
		ED4858B22B0E6ADB001A9844 /* DependencyInjectionBootCamp.swift in Sources */ = {isa = PBXBuildFile; fileRef = ED4858B12B0E6ADB001A9844 /* DependencyInjectionBootCamp.swift */; };
		ED5324AF2AFD638C00817B3D /* AdvancedLearningApp.swift in Sources */ = {isa = PBXBuildFile; fileRef = ED5324AE2AFD638C00817B3D /* AdvancedLearningApp.swift */; };
		ED5324B32AFD638E00817B3D /* Assets.xcassets in Resources */ = {isa = PBXBuildFile; fileRef = ED5324B22AFD638E00817B3D /* Assets.xcassets */; };
		ED5324B62AFD638E00817B3D /* Preview Assets.xcassets in Resources */ = {isa = PBXBuildFile; fileRef = ED5324B52AFD638E00817B3D /* Preview Assets.xcassets */; };
		ED5324C22AFD63F100817B3D /* ViewModifierBootCamp.swift in Sources */ = {isa = PBXBuildFile; fileRef = ED5324C12AFD63F100817B3D /* ViewModifierBootCamp.swift */; };
		ED57E7892AFFCB180003D3D5 /* MatchedGeomteryEffectBootCamp.swift in Sources */ = {isa = PBXBuildFile; fileRef = ED57E7882AFFCB180003D3D5 /* MatchedGeomteryEffectBootCamp.swift */; };
		ED80A2372B2B625A00162781 /* AdvancedCombineBootCamp.swift in Sources */ = {isa = PBXBuildFile; fileRef = ED80A2362B2B625A00162781 /* AdvancedCombineBootCamp.swift */; };
		ED88E1722AFE7191007F7C8C /* ButtonStyleBootcamp.swift in Sources */ = {isa = PBXBuildFile; fileRef = ED88E1712AFE7191007F7C8C /* ButtonStyleBootcamp.swift */; };
		EDA1238D2B3B2F7800E7AC3B /* TimelineViewBootCamp.swift in Sources */ = {isa = PBXBuildFile; fileRef = EDA1238C2B3B2F7800E7AC3B /* TimelineViewBootCamp.swift */; };
		EDA2AC802B0BB53E000C5301 /* UIViewControllerRepresentableBootCamp.swift in Sources */ = {isa = PBXBuildFile; fileRef = EDA2AC7F2B0BB53E000C5301 /* UIViewControllerRepresentableBootCamp.swift */; };
		EDB993912B23B98900B90990 /* UITestingView.swift in Sources */ = {isa = PBXBuildFile; fileRef = EDB993902B23B98900B90990 /* UITestingView.swift */; };
		EDB993992B23BDCD00B90990 /* AdvancedLearning_UITests.swift in Sources */ = {isa = PBXBuildFile; fileRef = EDB993982B23BDCD00B90990 /* AdvancedLearning_UITests.swift */; };
		EDB9939B2B23BDCD00B90990 /* AdvancedLearning_UITestsLaunchTests.swift in Sources */ = {isa = PBXBuildFile; fileRef = EDB9939A2B23BDCD00B90990 /* AdvancedLearning_UITestsLaunchTests.swift */; };
		EDB993A22B23BFBF00B90990 /* UITestingView_UITest.swift in Sources */ = {isa = PBXBuildFile; fileRef = EDB993A12B23BFBF00B90990 /* UITestingView_UITest.swift */; };
		EDDACA4B2B0F9D620089C94D /* UnitTestingBootCampView.swift in Sources */ = {isa = PBXBuildFile; fileRef = EDDACA4A2B0F9D620089C94D /* UnitTestingBootCampView.swift */; };
		EDDACA4D2B0F9F440089C94D /* UnitTestingViewModel.swift in Sources */ = {isa = PBXBuildFile; fileRef = EDDACA4C2B0F9F440089C94D /* UnitTestingViewModel.swift */; };
		EDDACA552B0FA5D00089C94D /* AdvancedLearning_Tests.swift in Sources */ = {isa = PBXBuildFile; fileRef = EDDACA542B0FA5D00089C94D /* AdvancedLearning_Tests.swift */; };
		EDDACA5C2B0FA8360089C94D /* UnitTestingBootCampViewModel_Tests.swift in Sources */ = {isa = PBXBuildFile; fileRef = EDDACA5B2B0FA8360089C94D /* UnitTestingBootCampViewModel_Tests.swift */; };
		EDE07BC12B0D1E1F0086E4E0 /* ProtocolsBootCamp.swift in Sources */ = {isa = PBXBuildFile; fileRef = EDE07BC02B0D1E1F0086E4E0 /* ProtocolsBootCamp.swift */; };
		EDE386702B0549570076837B /* AppTabBarView.swift in Sources */ = {isa = PBXBuildFile; fileRef = EDE3866F2B0549570076837B /* AppTabBarView.swift */; };
		EDE386722B054AA30076837B /* CustomTabBarView.swift in Sources */ = {isa = PBXBuildFile; fileRef = EDE386712B054AA30076837B /* CustomTabBarView.swift */; };
		EDE386742B054F240076837B /* CustomTabBarContainerView.swift in Sources */ = {isa = PBXBuildFile; fileRef = EDE386732B054F240076837B /* CustomTabBarContainerView.swift */; };
		EDE386762B0555660076837B /* TabBarItemsPreferenceKey.swift in Sources */ = {isa = PBXBuildFile; fileRef = EDE386752B0555660076837B /* TabBarItemsPreferenceKey.swift */; };
		EDE386782B05595C0076837B /* TabBarItem.swift in Sources */ = {isa = PBXBuildFile; fileRef = EDE386772B05595C0076837B /* TabBarItem.swift */; };
		EDEB8E582B0A4FBF0048FE71 /* UiViewRepresentableBootCamp.swift in Sources */ = {isa = PBXBuildFile; fileRef = EDEB8E572B0A4FBF0048FE71 /* UiViewRepresentableBootCamp.swift */; };
		EDECBCF32B03C3BF00AA66A0 /* ViewBuilderBootcamp.swift in Sources */ = {isa = PBXBuildFile; fileRef = EDECBCF22B03C3BF00AA66A0 /* ViewBuilderBootcamp.swift */; };
		EDECBCF52B03D42D00AA66A0 /* PreferenceKeyBootCamp.swift in Sources */ = {isa = PBXBuildFile; fileRef = EDECBCF42B03D42D00AA66A0 /* PreferenceKeyBootCamp.swift */; };
		EDECBCF82B03EBAC00AA66A0 /* GeometryPreferenceKey.swift in Sources */ = {isa = PBXBuildFile; fileRef = EDECBCF72B03EBAC00AA66A0 /* GeometryPreferenceKey.swift */; };
		EDECBCFA2B03EEA000AA66A0 /* ScrollViewOffsetPreferenceKey.swift in Sources */ = {isa = PBXBuildFile; fileRef = EDECBCF92B03EEA000AA66A0 /* ScrollViewOffsetPreferenceKey.swift */; };
/* End PBXBuildFile section */

/* Begin PBXContainerItemProxy section */
		EDB9939C2B23BDCD00B90990 /* PBXContainerItemProxy */ = {
			isa = PBXContainerItemProxy;
			containerPortal = ED5324A32AFD638C00817B3D /* Project object */;
			proxyType = 1;
			remoteGlobalIDString = ED5324AA2AFD638C00817B3D;
			remoteInfo = AdvancedLearning;
		};
		EDDACA562B0FA5D00089C94D /* PBXContainerItemProxy */ = {
			isa = PBXContainerItemProxy;
			containerPortal = ED5324A32AFD638C00817B3D /* Project object */;
			proxyType = 1;
			remoteGlobalIDString = ED5324AA2AFD638C00817B3D;
			remoteInfo = AdvancedLearning;
		};
/* End PBXContainerItemProxy section */

/* Begin PBXFileReference section */
		ED0A88102B0267F50074A696 /* AnimatableDataBootCamp.swift */ = {isa = PBXFileReference; lastKnownFileType = sourcecode.swift; path = AnimatableDataBootCamp.swift; sourceTree = "<group>"; };
		ED0A88122B026D350074A696 /* GenericsBootCamp.swift */ = {isa = PBXFileReference; lastKnownFileType = sourcecode.swift; path = GenericsBootCamp.swift; sourceTree = "<group>"; };
		ED1728FC2AFFC07600A76DA3 /* AnyTransitionBootCamp.swift */ = {isa = PBXFileReference; lastKnownFileType = sourcecode.swift; path = AnyTransitionBootCamp.swift; sourceTree = "<group>"; };
		ED18780A2B00F37D007C20D4 /* CustomShapesBootCamp.swift */ = {isa = PBXFileReference; lastKnownFileType = sourcecode.swift; path = CustomShapesBootCamp.swift; sourceTree = "<group>"; };
		ED18780C2B00F9C0007C20D4 /* CustomCurvesBootCamp.swift */ = {isa = PBXFileReference; lastKnownFileType = sourcecode.swift; path = CustomCurvesBootCamp.swift; sourceTree = "<group>"; };
		ED4449092B39BF6F006E5062 /* FuturesBootCamp.swift */ = {isa = PBXFileReference; lastKnownFileType = sourcecode.swift; path = FuturesBootCamp.swift; sourceTree = "<group>"; };
		ED4858B12B0E6ADB001A9844 /* DependencyInjectionBootCamp.swift */ = {isa = PBXFileReference; lastKnownFileType = sourcecode.swift; path = DependencyInjectionBootCamp.swift; sourceTree = "<group>"; };
		ED5324AB2AFD638C00817B3D /* AdvancedLearning.app */ = {isa = PBXFileReference; explicitFileType = wrapper.application; includeInIndex = 0; path = AdvancedLearning.app; sourceTree = BUILT_PRODUCTS_DIR; };
		ED5324AE2AFD638C00817B3D /* AdvancedLearningApp.swift */ = {isa = PBXFileReference; lastKnownFileType = sourcecode.swift; path = AdvancedLearningApp.swift; sourceTree = "<group>"; };
		ED5324B22AFD638E00817B3D /* Assets.xcassets */ = {isa = PBXFileReference; lastKnownFileType = folder.assetcatalog; path = Assets.xcassets; sourceTree = "<group>"; };
		ED5324B52AFD638E00817B3D /* Preview Assets.xcassets */ = {isa = PBXFileReference; lastKnownFileType = folder.assetcatalog; path = "Preview Assets.xcassets"; sourceTree = "<group>"; };
		ED5324C12AFD63F100817B3D /* ViewModifierBootCamp.swift */ = {isa = PBXFileReference; lastKnownFileType = sourcecode.swift; path = ViewModifierBootCamp.swift; sourceTree = "<group>"; };
		ED57E7882AFFCB180003D3D5 /* MatchedGeomteryEffectBootCamp.swift */ = {isa = PBXFileReference; lastKnownFileType = sourcecode.swift; path = MatchedGeomteryEffectBootCamp.swift; sourceTree = "<group>"; };
		ED80A2362B2B625A00162781 /* AdvancedCombineBootCamp.swift */ = {isa = PBXFileReference; lastKnownFileType = sourcecode.swift; path = AdvancedCombineBootCamp.swift; sourceTree = "<group>"; };
		ED88E1712AFE7191007F7C8C /* ButtonStyleBootcamp.swift */ = {isa = PBXFileReference; lastKnownFileType = sourcecode.swift; path = ButtonStyleBootcamp.swift; sourceTree = "<group>"; };
		EDA1238C2B3B2F7800E7AC3B /* TimelineViewBootCamp.swift */ = {isa = PBXFileReference; lastKnownFileType = sourcecode.swift; path = TimelineViewBootCamp.swift; sourceTree = "<group>"; };
		EDA2AC7F2B0BB53E000C5301 /* UIViewControllerRepresentableBootCamp.swift */ = {isa = PBXFileReference; lastKnownFileType = sourcecode.swift; path = UIViewControllerRepresentableBootCamp.swift; sourceTree = "<group>"; };
		EDB993902B23B98900B90990 /* UITestingView.swift */ = {isa = PBXFileReference; lastKnownFileType = sourcecode.swift; path = UITestingView.swift; sourceTree = "<group>"; };
		EDB993962B23BDCD00B90990 /* AdvancedLearning_UITests.xctest */ = {isa = PBXFileReference; explicitFileType = wrapper.cfbundle; includeInIndex = 0; path = AdvancedLearning_UITests.xctest; sourceTree = BUILT_PRODUCTS_DIR; };
		EDB993982B23BDCD00B90990 /* AdvancedLearning_UITests.swift */ = {isa = PBXFileReference; lastKnownFileType = sourcecode.swift; path = AdvancedLearning_UITests.swift; sourceTree = "<group>"; };
		EDB9939A2B23BDCD00B90990 /* AdvancedLearning_UITestsLaunchTests.swift */ = {isa = PBXFileReference; lastKnownFileType = sourcecode.swift; path = AdvancedLearning_UITestsLaunchTests.swift; sourceTree = "<group>"; };
		EDB993A12B23BFBF00B90990 /* UITestingView_UITest.swift */ = {isa = PBXFileReference; lastKnownFileType = sourcecode.swift; path = UITestingView_UITest.swift; sourceTree = "<group>"; };
		EDDACA4A2B0F9D620089C94D /* UnitTestingBootCampView.swift */ = {isa = PBXFileReference; lastKnownFileType = sourcecode.swift; path = UnitTestingBootCampView.swift; sourceTree = "<group>"; };
		EDDACA4C2B0F9F440089C94D /* UnitTestingViewModel.swift */ = {isa = PBXFileReference; lastKnownFileType = sourcecode.swift; path = UnitTestingViewModel.swift; sourceTree = "<group>"; };
		EDDACA522B0FA5D00089C94D /* AdvancedLearning_Tests.xctest */ = {isa = PBXFileReference; explicitFileType = wrapper.cfbundle; includeInIndex = 0; path = AdvancedLearning_Tests.xctest; sourceTree = BUILT_PRODUCTS_DIR; };
		EDDACA542B0FA5D00089C94D /* AdvancedLearning_Tests.swift */ = {isa = PBXFileReference; lastKnownFileType = sourcecode.swift; path = AdvancedLearning_Tests.swift; sourceTree = "<group>"; };
		EDDACA5B2B0FA8360089C94D /* UnitTestingBootCampViewModel_Tests.swift */ = {isa = PBXFileReference; lastKnownFileType = sourcecode.swift; path = UnitTestingBootCampViewModel_Tests.swift; sourceTree = "<group>"; };
		EDE07BC02B0D1E1F0086E4E0 /* ProtocolsBootCamp.swift */ = {isa = PBXFileReference; lastKnownFileType = sourcecode.swift; path = ProtocolsBootCamp.swift; sourceTree = "<group>"; };
		EDE3866F2B0549570076837B /* AppTabBarView.swift */ = {isa = PBXFileReference; lastKnownFileType = sourcecode.swift; path = AppTabBarView.swift; sourceTree = "<group>"; };
		EDE386712B054AA30076837B /* CustomTabBarView.swift */ = {isa = PBXFileReference; lastKnownFileType = sourcecode.swift; path = CustomTabBarView.swift; sourceTree = "<group>"; };
		EDE386732B054F240076837B /* CustomTabBarContainerView.swift */ = {isa = PBXFileReference; lastKnownFileType = sourcecode.swift; path = CustomTabBarContainerView.swift; sourceTree = "<group>"; };
		EDE386752B0555660076837B /* TabBarItemsPreferenceKey.swift */ = {isa = PBXFileReference; lastKnownFileType = sourcecode.swift; path = TabBarItemsPreferenceKey.swift; sourceTree = "<group>"; };
		EDE386772B05595C0076837B /* TabBarItem.swift */ = {isa = PBXFileReference; lastKnownFileType = sourcecode.swift; path = TabBarItem.swift; sourceTree = "<group>"; };
		EDEB8E572B0A4FBF0048FE71 /* UiViewRepresentableBootCamp.swift */ = {isa = PBXFileReference; lastKnownFileType = sourcecode.swift; path = UiViewRepresentableBootCamp.swift; sourceTree = "<group>"; };
		EDECBCF22B03C3BF00AA66A0 /* ViewBuilderBootcamp.swift */ = {isa = PBXFileReference; lastKnownFileType = sourcecode.swift; path = ViewBuilderBootcamp.swift; sourceTree = "<group>"; };
		EDECBCF42B03D42D00AA66A0 /* PreferenceKeyBootCamp.swift */ = {isa = PBXFileReference; lastKnownFileType = sourcecode.swift; path = PreferenceKeyBootCamp.swift; sourceTree = "<group>"; };
		EDECBCF72B03EBAC00AA66A0 /* GeometryPreferenceKey.swift */ = {isa = PBXFileReference; lastKnownFileType = sourcecode.swift; path = GeometryPreferenceKey.swift; sourceTree = "<group>"; };
		EDECBCF92B03EEA000AA66A0 /* ScrollViewOffsetPreferenceKey.swift */ = {isa = PBXFileReference; lastKnownFileType = sourcecode.swift; path = ScrollViewOffsetPreferenceKey.swift; sourceTree = "<group>"; };
/* End PBXFileReference section */

/* Begin PBXFrameworksBuildPhase section */
		ED5324A82AFD638C00817B3D /* Frameworks */ = {
			isa = PBXFrameworksBuildPhase;
			buildActionMask = 2147483647;
			files = (
			);
			runOnlyForDeploymentPostprocessing = 0;
		};
		EDB993932B23BDCD00B90990 /* Frameworks */ = {
			isa = PBXFrameworksBuildPhase;
			buildActionMask = 2147483647;
			files = (
			);
			runOnlyForDeploymentPostprocessing = 0;
		};
		EDDACA4F2B0FA5D00089C94D /* Frameworks */ = {
			isa = PBXFrameworksBuildPhase;
			buildActionMask = 2147483647;
			files = (
			);
			runOnlyForDeploymentPostprocessing = 0;
		};
/* End PBXFrameworksBuildPhase section */

/* Begin PBXGroup section */
		ED5324A22AFD638C00817B3D = {
			isa = PBXGroup;
			children = (
				ED5324AD2AFD638C00817B3D /* AdvancedLearning */,
				EDDACA532B0FA5D00089C94D /* AdvancedLearning_Tests */,
				EDB993972B23BDCD00B90990 /* AdvancedLearning_UITests */,
				ED5324AC2AFD638C00817B3D /* Products */,
			);
			sourceTree = "<group>";
		};
		ED5324AC2AFD638C00817B3D /* Products */ = {
			isa = PBXGroup;
			children = (
				ED5324AB2AFD638C00817B3D /* AdvancedLearning.app */,
				EDDACA522B0FA5D00089C94D /* AdvancedLearning_Tests.xctest */,
				EDB993962B23BDCD00B90990 /* AdvancedLearning_UITests.xctest */,
			);
			name = Products;
			sourceTree = "<group>";
		};
		ED5324AD2AFD638C00817B3D /* AdvancedLearning */ = {
			isa = PBXGroup;
			children = (
				ED5324AE2AFD638C00817B3D /* AdvancedLearningApp.swift */,
				ED5324C12AFD63F100817B3D /* ViewModifierBootCamp.swift */,
				ED88E1712AFE7191007F7C8C /* ButtonStyleBootcamp.swift */,
				ED1728FC2AFFC07600A76DA3 /* AnyTransitionBootCamp.swift */,
				ED57E7882AFFCB180003D3D5 /* MatchedGeomteryEffectBootCamp.swift */,
				ED18780A2B00F37D007C20D4 /* CustomShapesBootCamp.swift */,
				ED18780C2B00F9C0007C20D4 /* CustomCurvesBootCamp.swift */,
				ED0A88102B0267F50074A696 /* AnimatableDataBootCamp.swift */,
				ED0A88122B026D350074A696 /* GenericsBootCamp.swift */,
				EDECBCF22B03C3BF00AA66A0 /* ViewBuilderBootcamp.swift */,
				EDEB8E572B0A4FBF0048FE71 /* UiViewRepresentableBootCamp.swift */,
				EDA2AC7F2B0BB53E000C5301 /* UIViewControllerRepresentableBootCamp.swift */,
				EDE07BC02B0D1E1F0086E4E0 /* ProtocolsBootCamp.swift */,
				ED4858B12B0E6ADB001A9844 /* DependencyInjectionBootCamp.swift */,
				ED80A2362B2B625A00162781 /* AdvancedCombineBootCamp.swift */,
				ED4449092B39BF6F006E5062 /* FuturesBootCamp.swift */,
				EDA1238C2B3B2F7800E7AC3B /* TimelineViewBootCamp.swift */,
				EDDACA492B0F9D4E0089C94D /* UnitTesting */,
				EDE3866E2B0549410076837B /* CustomTabBar */,
				EDECBCF62B03EB8F00AA66A0 /* PreferenceKey */,
				ED5324B22AFD638E00817B3D /* Assets.xcassets */,
				ED5324B42AFD638E00817B3D /* Preview Content */,
			);
			path = AdvancedLearning;
			sourceTree = "<group>";
		};
		ED5324B42AFD638E00817B3D /* Preview Content */ = {
			isa = PBXGroup;
			children = (
				ED5324B52AFD638E00817B3D /* Preview Assets.xcassets */,
			);
			path = "Preview Content";
			sourceTree = "<group>";
		};
		EDB993972B23BDCD00B90990 /* AdvancedLearning_UITests */ = {
			isa = PBXGroup;
			children = (
				EDB993982B23BDCD00B90990 /* AdvancedLearning_UITests.swift */,
				EDB993A12B23BFBF00B90990 /* UITestingView_UITest.swift */,
				EDB9939A2B23BDCD00B90990 /* AdvancedLearning_UITestsLaunchTests.swift */,
			);
			path = AdvancedLearning_UITests;
			sourceTree = "<group>";
		};
		EDDACA492B0F9D4E0089C94D /* UnitTesting */ = {
			isa = PBXGroup;
			children = (
				EDB993902B23B98900B90990 /* UITestingView.swift */,
				EDDACA4A2B0F9D620089C94D /* UnitTestingBootCampView.swift */,
				EDDACA4C2B0F9F440089C94D /* UnitTestingViewModel.swift */,
			);
			path = UnitTesting;
			sourceTree = "<group>";
		};
		EDDACA532B0FA5D00089C94D /* AdvancedLearning_Tests */ = {
			isa = PBXGroup;
			children = (
				EDDACA542B0FA5D00089C94D /* AdvancedLearning_Tests.swift */,
				EDDACA5B2B0FA8360089C94D /* UnitTestingBootCampViewModel_Tests.swift */,
			);
			path = AdvancedLearning_Tests;
			sourceTree = "<group>";
		};
		EDE3866E2B0549410076837B /* CustomTabBar */ = {
			isa = PBXGroup;
			children = (
				EDE3866F2B0549570076837B /* AppTabBarView.swift */,
				EDE386752B0555660076837B /* TabBarItemsPreferenceKey.swift */,
				EDE386712B054AA30076837B /* CustomTabBarView.swift */,
				EDE386772B05595C0076837B /* TabBarItem.swift */,
				EDE386732B054F240076837B /* CustomTabBarContainerView.swift */,
			);
			path = CustomTabBar;
			sourceTree = "<group>";
		};
		EDECBCF62B03EB8F00AA66A0 /* PreferenceKey */ = {
			isa = PBXGroup;
			children = (
				EDECBCF42B03D42D00AA66A0 /* PreferenceKeyBootCamp.swift */,
				EDECBCF72B03EBAC00AA66A0 /* GeometryPreferenceKey.swift */,
				EDECBCF92B03EEA000AA66A0 /* ScrollViewOffsetPreferenceKey.swift */,
			);
			path = PreferenceKey;
			sourceTree = "<group>";
		};
/* End PBXGroup section */

/* Begin PBXNativeTarget section */
		ED5324AA2AFD638C00817B3D /* AdvancedLearning */ = {
			isa = PBXNativeTarget;
			buildConfigurationList = ED5324BE2AFD638E00817B3D /* Build configuration list for PBXNativeTarget "AdvancedLearning" */;
			buildPhases = (
				ED5324A72AFD638C00817B3D /* Sources */,
				ED5324A82AFD638C00817B3D /* Frameworks */,
				ED5324A92AFD638C00817B3D /* Resources */,
			);
			buildRules = (
			);
			dependencies = (
			);
			name = AdvancedLearning;
			productName = AdvancedLearning;
			productReference = ED5324AB2AFD638C00817B3D /* AdvancedLearning.app */;
			productType = "com.apple.product-type.application";
		};
		EDB993952B23BDCD00B90990 /* AdvancedLearning_UITests */ = {
			isa = PBXNativeTarget;
			buildConfigurationList = EDB9939E2B23BDCD00B90990 /* Build configuration list for PBXNativeTarget "AdvancedLearning_UITests" */;
			buildPhases = (
				EDB993922B23BDCD00B90990 /* Sources */,
				EDB993932B23BDCD00B90990 /* Frameworks */,
				EDB993942B23BDCD00B90990 /* Resources */,
			);
			buildRules = (
			);
			dependencies = (
				EDB9939D2B23BDCD00B90990 /* PBXTargetDependency */,
			);
			name = AdvancedLearning_UITests;
			productName = AdvancedLearning_UITests;
			productReference = EDB993962B23BDCD00B90990 /* AdvancedLearning_UITests.xctest */;
			productType = "com.apple.product-type.bundle.ui-testing";
		};
		EDDACA512B0FA5D00089C94D /* AdvancedLearning_Tests */ = {
			isa = PBXNativeTarget;
			buildConfigurationList = EDDACA582B0FA5D00089C94D /* Build configuration list for PBXNativeTarget "AdvancedLearning_Tests" */;
			buildPhases = (
				EDDACA4E2B0FA5D00089C94D /* Sources */,
				EDDACA4F2B0FA5D00089C94D /* Frameworks */,
				EDDACA502B0FA5D00089C94D /* Resources */,
			);
			buildRules = (
			);
			dependencies = (
				EDDACA572B0FA5D00089C94D /* PBXTargetDependency */,
			);
			name = AdvancedLearning_Tests;
			productName = AdvancedLearning_Tests;
			productReference = EDDACA522B0FA5D00089C94D /* AdvancedLearning_Tests.xctest */;
			productType = "com.apple.product-type.bundle.unit-test";
		};
/* End PBXNativeTarget section */

/* Begin PBXProject section */
		ED5324A32AFD638C00817B3D /* Project object */ = {
			isa = PBXProject;
			attributes = {
				BuildIndependentTargetsInParallel = 1;
				LastSwiftUpdateCheck = 1500;
				LastUpgradeCheck = 1500;
				TargetAttributes = {
					ED5324AA2AFD638C00817B3D = {
						CreatedOnToolsVersion = 15.0.1;
					};
					EDB993952B23BDCD00B90990 = {
						CreatedOnToolsVersion = 15.0.1;
						TestTargetID = ED5324AA2AFD638C00817B3D;
					};
					EDDACA512B0FA5D00089C94D = {
						CreatedOnToolsVersion = 15.0.1;
						TestTargetID = ED5324AA2AFD638C00817B3D;
					};
				};
			};
			buildConfigurationList = ED5324A62AFD638C00817B3D /* Build configuration list for PBXProject "AdvancedLearning" */;
			compatibilityVersion = "Xcode 14.0";
			developmentRegion = en;
			hasScannedForEncodings = 0;
			knownRegions = (
				en,
				Base,
			);
			mainGroup = ED5324A22AFD638C00817B3D;
			productRefGroup = ED5324AC2AFD638C00817B3D /* Products */;
			projectDirPath = "";
			projectRoot = "";
			targets = (
				ED5324AA2AFD638C00817B3D /* AdvancedLearning */,
				EDDACA512B0FA5D00089C94D /* AdvancedLearning_Tests */,
				EDB993952B23BDCD00B90990 /* AdvancedLearning_UITests */,
			);
		};
/* End PBXProject section */

/* Begin PBXResourcesBuildPhase section */
		ED5324A92AFD638C00817B3D /* Resources */ = {
			isa = PBXResourcesBuildPhase;
			buildActionMask = 2147483647;
			files = (
				ED5324B62AFD638E00817B3D /* Preview Assets.xcassets in Resources */,
				ED5324B32AFD638E00817B3D /* Assets.xcassets in Resources */,
			);
			runOnlyForDeploymentPostprocessing = 0;
		};
		EDB993942B23BDCD00B90990 /* Resources */ = {
			isa = PBXResourcesBuildPhase;
			buildActionMask = 2147483647;
			files = (
			);
			runOnlyForDeploymentPostprocessing = 0;
		};
		EDDACA502B0FA5D00089C94D /* Resources */ = {
			isa = PBXResourcesBuildPhase;
			buildActionMask = 2147483647;
			files = (
			);
			runOnlyForDeploymentPostprocessing = 0;
		};
/* End PBXResourcesBuildPhase section */

/* Begin PBXSourcesBuildPhase section */
		ED5324A72AFD638C00817B3D /* Sources */ = {
			isa = PBXSourcesBuildPhase;
			buildActionMask = 2147483647;
			files = (
				EDA2AC802B0BB53E000C5301 /* UIViewControllerRepresentableBootCamp.swift in Sources */,
				EDB993912B23B98900B90990 /* UITestingView.swift in Sources */,
				EDE386762B0555660076837B /* TabBarItemsPreferenceKey.swift in Sources */,
				EDE386702B0549570076837B /* AppTabBarView.swift in Sources */,
				EDECBCF52B03D42D00AA66A0 /* PreferenceKeyBootCamp.swift in Sources */,
				ED88E1722AFE7191007F7C8C /* ButtonStyleBootcamp.swift in Sources */,
				EDECBCF82B03EBAC00AA66A0 /* GeometryPreferenceKey.swift in Sources */,
				ED18780B2B00F37D007C20D4 /* CustomShapesBootCamp.swift in Sources */,
				ED5324C22AFD63F100817B3D /* ViewModifierBootCamp.swift in Sources */,
				EDE386722B054AA30076837B /* CustomTabBarView.swift in Sources */,
				EDECBCFA2B03EEA000AA66A0 /* ScrollViewOffsetPreferenceKey.swift in Sources */,
				ED1728FD2AFFC07600A76DA3 /* AnyTransitionBootCamp.swift in Sources */,
				EDA1238D2B3B2F7800E7AC3B /* TimelineViewBootCamp.swift in Sources */,
				ED80A2372B2B625A00162781 /* AdvancedCombineBootCamp.swift in Sources */,
				ED0A88112B0267F50074A696 /* AnimatableDataBootCamp.swift in Sources */,
				EDDACA4B2B0F9D620089C94D /* UnitTestingBootCampView.swift in Sources */,
				EDE07BC12B0D1E1F0086E4E0 /* ProtocolsBootCamp.swift in Sources */,
				EDECBCF32B03C3BF00AA66A0 /* ViewBuilderBootcamp.swift in Sources */,
				EDDACA4D2B0F9F440089C94D /* UnitTestingViewModel.swift in Sources */,
				ED44490A2B39BF6F006E5062 /* FuturesBootCamp.swift in Sources */,
				EDE386782B05595C0076837B /* TabBarItem.swift in Sources */,
				ED0A88132B026D350074A696 /* GenericsBootCamp.swift in Sources */,
				ED5324AF2AFD638C00817B3D /* AdvancedLearningApp.swift in Sources */,
				EDEB8E582B0A4FBF0048FE71 /* UiViewRepresentableBootCamp.swift in Sources */,
				ED18780D2B00F9C0007C20D4 /* CustomCurvesBootCamp.swift in Sources */,
				ED4858B22B0E6ADB001A9844 /* DependencyInjectionBootCamp.swift in Sources */,
				ED57E7892AFFCB180003D3D5 /* MatchedGeomteryEffectBootCamp.swift in Sources */,
				EDE386742B054F240076837B /* CustomTabBarContainerView.swift in Sources */,
			);
			runOnlyForDeploymentPostprocessing = 0;
		};
		EDB993922B23BDCD00B90990 /* Sources */ = {
			isa = PBXSourcesBuildPhase;
			buildActionMask = 2147483647;
			files = (
				EDB9939B2B23BDCD00B90990 /* AdvancedLearning_UITestsLaunchTests.swift in Sources */,
				EDB993A22B23BFBF00B90990 /* UITestingView_UITest.swift in Sources */,
				EDB993992B23BDCD00B90990 /* AdvancedLearning_UITests.swift in Sources */,
			);
			runOnlyForDeploymentPostprocessing = 0;
		};
		EDDACA4E2B0FA5D00089C94D /* Sources */ = {
			isa = PBXSourcesBuildPhase;
			buildActionMask = 2147483647;
			files = (
				EDDACA5C2B0FA8360089C94D /* UnitTestingBootCampViewModel_Tests.swift in Sources */,
				EDDACA552B0FA5D00089C94D /* AdvancedLearning_Tests.swift in Sources */,
			);
			runOnlyForDeploymentPostprocessing = 0;
		};
/* End PBXSourcesBuildPhase section */

/* Begin PBXTargetDependency section */
		EDB9939D2B23BDCD00B90990 /* PBXTargetDependency */ = {
			isa = PBXTargetDependency;
			target = ED5324AA2AFD638C00817B3D /* AdvancedLearning */;
			targetProxy = EDB9939C2B23BDCD00B90990 /* PBXContainerItemProxy */;
		};
		EDDACA572B0FA5D00089C94D /* PBXTargetDependency */ = {
			isa = PBXTargetDependency;
			target = ED5324AA2AFD638C00817B3D /* AdvancedLearning */;
			targetProxy = EDDACA562B0FA5D00089C94D /* PBXContainerItemProxy */;
		};
/* End PBXTargetDependency section */

/* Begin XCBuildConfiguration section */
		ED5324BC2AFD638E00817B3D /* Debug */ = {
			isa = XCBuildConfiguration;
			buildSettings = {
				ALWAYS_SEARCH_USER_PATHS = NO;
				ASSETCATALOG_COMPILER_GENERATE_SWIFT_ASSET_SYMBOL_EXTENSIONS = YES;
				CLANG_ANALYZER_NONNULL = YES;
				CLANG_ANALYZER_NUMBER_OBJECT_CONVERSION = YES_AGGRESSIVE;
				CLANG_CXX_LANGUAGE_STANDARD = "gnu++20";
				CLANG_ENABLE_MODULES = YES;
				CLANG_ENABLE_OBJC_ARC = YES;
				CLANG_ENABLE_OBJC_WEAK = YES;
				CLANG_WARN_BLOCK_CAPTURE_AUTORELEASING = YES;
				CLANG_WARN_BOOL_CONVERSION = YES;
				CLANG_WARN_COMMA = YES;
				CLANG_WARN_CONSTANT_CONVERSION = YES;
				CLANG_WARN_DEPRECATED_OBJC_IMPLEMENTATIONS = YES;
				CLANG_WARN_DIRECT_OBJC_ISA_USAGE = YES_ERROR;
				CLANG_WARN_DOCUMENTATION_COMMENTS = YES;
				CLANG_WARN_EMPTY_BODY = YES;
				CLANG_WARN_ENUM_CONVERSION = YES;
				CLANG_WARN_INFINITE_RECURSION = YES;
				CLANG_WARN_INT_CONVERSION = YES;
				CLANG_WARN_NON_LITERAL_NULL_CONVERSION = YES;
				CLANG_WARN_OBJC_IMPLICIT_RETAIN_SELF = YES;
				CLANG_WARN_OBJC_LITERAL_CONVERSION = YES;
				CLANG_WARN_OBJC_ROOT_CLASS = YES_ERROR;
				CLANG_WARN_QUOTED_INCLUDE_IN_FRAMEWORK_HEADER = YES;
				CLANG_WARN_RANGE_LOOP_ANALYSIS = YES;
				CLANG_WARN_STRICT_PROTOTYPES = YES;
				CLANG_WARN_SUSPICIOUS_MOVE = YES;
				CLANG_WARN_UNGUARDED_AVAILABILITY = YES_AGGRESSIVE;
				CLANG_WARN_UNREACHABLE_CODE = YES;
				CLANG_WARN__DUPLICATE_METHOD_MATCH = YES;
				COPY_PHASE_STRIP = NO;
				DEBUG_INFORMATION_FORMAT = dwarf;
				ENABLE_STRICT_OBJC_MSGSEND = YES;
				ENABLE_TESTABILITY = YES;
				ENABLE_USER_SCRIPT_SANDBOXING = YES;
				GCC_C_LANGUAGE_STANDARD = gnu17;
				GCC_DYNAMIC_NO_PIC = NO;
				GCC_NO_COMMON_BLOCKS = YES;
				GCC_OPTIMIZATION_LEVEL = 0;
				GCC_PREPROCESSOR_DEFINITIONS = (
					"DEBUG=1",
					"$(inherited)",
				);
				GCC_WARN_64_TO_32_BIT_CONVERSION = YES;
				GCC_WARN_ABOUT_RETURN_TYPE = YES_ERROR;
				GCC_WARN_UNDECLARED_SELECTOR = YES;
				GCC_WARN_UNINITIALIZED_AUTOS = YES_AGGRESSIVE;
				GCC_WARN_UNUSED_FUNCTION = YES;
				GCC_WARN_UNUSED_VARIABLE = YES;
				IPHONEOS_DEPLOYMENT_TARGET = 17.0;
				LOCALIZATION_PREFERS_STRING_CATALOGS = YES;
				MTL_ENABLE_DEBUG_INFO = INCLUDE_SOURCE;
				MTL_FAST_MATH = YES;
				ONLY_ACTIVE_ARCH = YES;
				SDKROOT = iphoneos;
				SWIFT_ACTIVE_COMPILATION_CONDITIONS = "DEBUG $(inherited)";
				SWIFT_OPTIMIZATION_LEVEL = "-Onone";
			};
			name = Debug;
		};
		ED5324BD2AFD638E00817B3D /* Release */ = {
			isa = XCBuildConfiguration;
			buildSettings = {
				ALWAYS_SEARCH_USER_PATHS = NO;
				ASSETCATALOG_COMPILER_GENERATE_SWIFT_ASSET_SYMBOL_EXTENSIONS = YES;
				CLANG_ANALYZER_NONNULL = YES;
				CLANG_ANALYZER_NUMBER_OBJECT_CONVERSION = YES_AGGRESSIVE;
				CLANG_CXX_LANGUAGE_STANDARD = "gnu++20";
				CLANG_ENABLE_MODULES = YES;
				CLANG_ENABLE_OBJC_ARC = YES;
				CLANG_ENABLE_OBJC_WEAK = YES;
				CLANG_WARN_BLOCK_CAPTURE_AUTORELEASING = YES;
				CLANG_WARN_BOOL_CONVERSION = YES;
				CLANG_WARN_COMMA = YES;
				CLANG_WARN_CONSTANT_CONVERSION = YES;
				CLANG_WARN_DEPRECATED_OBJC_IMPLEMENTATIONS = YES;
				CLANG_WARN_DIRECT_OBJC_ISA_USAGE = YES_ERROR;
				CLANG_WARN_DOCUMENTATION_COMMENTS = YES;
				CLANG_WARN_EMPTY_BODY = YES;
				CLANG_WARN_ENUM_CONVERSION = YES;
				CLANG_WARN_INFINITE_RECURSION = YES;
				CLANG_WARN_INT_CONVERSION = YES;
				CLANG_WARN_NON_LITERAL_NULL_CONVERSION = YES;
				CLANG_WARN_OBJC_IMPLICIT_RETAIN_SELF = YES;
				CLANG_WARN_OBJC_LITERAL_CONVERSION = YES;
				CLANG_WARN_OBJC_ROOT_CLASS = YES_ERROR;
				CLANG_WARN_QUOTED_INCLUDE_IN_FRAMEWORK_HEADER = YES;
				CLANG_WARN_RANGE_LOOP_ANALYSIS = YES;
				CLANG_WARN_STRICT_PROTOTYPES = YES;
				CLANG_WARN_SUSPICIOUS_MOVE = YES;
				CLANG_WARN_UNGUARDED_AVAILABILITY = YES_AGGRESSIVE;
				CLANG_WARN_UNREACHABLE_CODE = YES;
				CLANG_WARN__DUPLICATE_METHOD_MATCH = YES;
				COPY_PHASE_STRIP = NO;
				DEBUG_INFORMATION_FORMAT = "dwarf-with-dsym";
				ENABLE_NS_ASSERTIONS = NO;
				ENABLE_STRICT_OBJC_MSGSEND = YES;
				ENABLE_USER_SCRIPT_SANDBOXING = YES;
				GCC_C_LANGUAGE_STANDARD = gnu17;
				GCC_NO_COMMON_BLOCKS = YES;
				GCC_WARN_64_TO_32_BIT_CONVERSION = YES;
				GCC_WARN_ABOUT_RETURN_TYPE = YES_ERROR;
				GCC_WARN_UNDECLARED_SELECTOR = YES;
				GCC_WARN_UNINITIALIZED_AUTOS = YES_AGGRESSIVE;
				GCC_WARN_UNUSED_FUNCTION = YES;
				GCC_WARN_UNUSED_VARIABLE = YES;
				IPHONEOS_DEPLOYMENT_TARGET = 17.0;
				LOCALIZATION_PREFERS_STRING_CATALOGS = YES;
				MTL_ENABLE_DEBUG_INFO = NO;
				MTL_FAST_MATH = YES;
				SDKROOT = iphoneos;
				SWIFT_COMPILATION_MODE = wholemodule;
				VALIDATE_PRODUCT = YES;
			};
			name = Release;
		};
		ED5324BF2AFD638E00817B3D /* Debug */ = {
			isa = XCBuildConfiguration;
			buildSettings = {
				ASSETCATALOG_COMPILER_APPICON_NAME = AppIcon;
				ASSETCATALOG_COMPILER_GLOBAL_ACCENT_COLOR_NAME = AccentColor;
				CODE_SIGN_STYLE = Automatic;
				CURRENT_PROJECT_VERSION = 1;
				DEVELOPMENT_ASSET_PATHS = "\"AdvancedLearning/Preview Content\"";
				DEVELOPMENT_TEAM = HU9APFQH4U;
				ENABLE_PREVIEWS = YES;
				GENERATE_INFOPLIST_FILE = YES;
				INFOPLIST_KEY_UIApplicationSceneManifest_Generation = YES;
				INFOPLIST_KEY_UIApplicationSupportsIndirectInputEvents = YES;
				INFOPLIST_KEY_UILaunchScreen_Generation = YES;
				INFOPLIST_KEY_UISupportedInterfaceOrientations_iPad = "UIInterfaceOrientationPortrait UIInterfaceOrientationPortraitUpsideDown UIInterfaceOrientationLandscapeLeft UIInterfaceOrientationLandscapeRight";
				INFOPLIST_KEY_UISupportedInterfaceOrientations_iPhone = "UIInterfaceOrientationPortrait UIInterfaceOrientationLandscapeLeft UIInterfaceOrientationLandscapeRight";
				LD_RUNPATH_SEARCH_PATHS = (
					"$(inherited)",
					"@executable_path/Frameworks",
				);
				MARKETING_VERSION = 1.0;
				PRODUCT_BUNDLE_IDENTIFIER = com.horevyinazar.AdvancedLearning;
				PRODUCT_NAME = "$(TARGET_NAME)";
				SWIFT_EMIT_LOC_STRINGS = YES;
				SWIFT_VERSION = 5.0;
				TARGETED_DEVICE_FAMILY = "1,2";
			};
			name = Debug;
		};
		ED5324C02AFD638E00817B3D /* Release */ = {
			isa = XCBuildConfiguration;
			buildSettings = {
				ASSETCATALOG_COMPILER_APPICON_NAME = AppIcon;
				ASSETCATALOG_COMPILER_GLOBAL_ACCENT_COLOR_NAME = AccentColor;
				CODE_SIGN_STYLE = Automatic;
				CURRENT_PROJECT_VERSION = 1;
				DEVELOPMENT_ASSET_PATHS = "\"AdvancedLearning/Preview Content\"";
				DEVELOPMENT_TEAM = HU9APFQH4U;
				ENABLE_PREVIEWS = YES;
				GENERATE_INFOPLIST_FILE = YES;
				INFOPLIST_KEY_UIApplicationSceneManifest_Generation = YES;
				INFOPLIST_KEY_UIApplicationSupportsIndirectInputEvents = YES;
				INFOPLIST_KEY_UILaunchScreen_Generation = YES;
				INFOPLIST_KEY_UISupportedInterfaceOrientations_iPad = "UIInterfaceOrientationPortrait UIInterfaceOrientationPortraitUpsideDown UIInterfaceOrientationLandscapeLeft UIInterfaceOrientationLandscapeRight";
				INFOPLIST_KEY_UISupportedInterfaceOrientations_iPhone = "UIInterfaceOrientationPortrait UIInterfaceOrientationLandscapeLeft UIInterfaceOrientationLandscapeRight";
				LD_RUNPATH_SEARCH_PATHS = (
					"$(inherited)",
					"@executable_path/Frameworks",
				);
				MARKETING_VERSION = 1.0;
				PRODUCT_BUNDLE_IDENTIFIER = com.horevyinazar.AdvancedLearning;
				PRODUCT_NAME = "$(TARGET_NAME)";
				SWIFT_EMIT_LOC_STRINGS = YES;
				SWIFT_VERSION = 5.0;
				TARGETED_DEVICE_FAMILY = "1,2";
			};
			name = Release;
		};
		EDB9939F2B23BDCD00B90990 /* Debug */ = {
			isa = XCBuildConfiguration;
			buildSettings = {
				CODE_SIGN_STYLE = Automatic;
				CURRENT_PROJECT_VERSION = 1;
				DEVELOPMENT_TEAM = HU9APFQH4U;
				GENERATE_INFOPLIST_FILE = YES;
				MARKETING_VERSION = 1.0;
				PRODUCT_BUNDLE_IDENTIFIER = "com.horevyinazar.AdvancedLearning-UITests";
				PRODUCT_NAME = "$(TARGET_NAME)";
				SWIFT_EMIT_LOC_STRINGS = NO;
				SWIFT_VERSION = 5.0;
				TARGETED_DEVICE_FAMILY = "1,2";
				TEST_TARGET_NAME = AdvancedLearning;
			};
			name = Debug;
		};
		EDB993A02B23BDCD00B90990 /* Release */ = {
			isa = XCBuildConfiguration;
			buildSettings = {
				CODE_SIGN_STYLE = Automatic;
				CURRENT_PROJECT_VERSION = 1;
				DEVELOPMENT_TEAM = HU9APFQH4U;
				GENERATE_INFOPLIST_FILE = YES;
				MARKETING_VERSION = 1.0;
				PRODUCT_BUNDLE_IDENTIFIER = "com.horevyinazar.AdvancedLearning-UITests";
				PRODUCT_NAME = "$(TARGET_NAME)";
				SWIFT_EMIT_LOC_STRINGS = NO;
				SWIFT_VERSION = 5.0;
				TARGETED_DEVICE_FAMILY = "1,2";
				TEST_TARGET_NAME = AdvancedLearning;
			};
			name = Release;
		};
		EDDACA592B0FA5D00089C94D /* Debug */ = {
			isa = XCBuildConfiguration;
			buildSettings = {
				BUNDLE_LOADER = "$(TEST_HOST)";
				CODE_SIGN_STYLE = Automatic;
				CURRENT_PROJECT_VERSION = 1;
				DEVELOPMENT_TEAM = HU9APFQH4U;
				GENERATE_INFOPLIST_FILE = YES;
				MARKETING_VERSION = 1.0;
				PRODUCT_BUNDLE_IDENTIFIER = "com.horevyinazar.AdvancedLearning-Tests";
				PRODUCT_NAME = "$(TARGET_NAME)";
				SWIFT_EMIT_LOC_STRINGS = NO;
				SWIFT_VERSION = 5.0;
				TARGETED_DEVICE_FAMILY = "1,2";
				TEST_HOST = "$(BUILT_PRODUCTS_DIR)/AdvancedLearning.app/$(BUNDLE_EXECUTABLE_FOLDER_PATH)/AdvancedLearning";
			};
			name = Debug;
		};
		EDDACA5A2B0FA5D00089C94D /* Release */ = {
			isa = XCBuildConfiguration;
			buildSettings = {
				BUNDLE_LOADER = "$(TEST_HOST)";
				CODE_SIGN_STYLE = Automatic;
				CURRENT_PROJECT_VERSION = 1;
				DEVELOPMENT_TEAM = HU9APFQH4U;
				GENERATE_INFOPLIST_FILE = YES;
				MARKETING_VERSION = 1.0;
				PRODUCT_BUNDLE_IDENTIFIER = "com.horevyinazar.AdvancedLearning-Tests";
				PRODUCT_NAME = "$(TARGET_NAME)";
				SWIFT_EMIT_LOC_STRINGS = NO;
				SWIFT_VERSION = 5.0;
				TARGETED_DEVICE_FAMILY = "1,2";
				TEST_HOST = "$(BUILT_PRODUCTS_DIR)/AdvancedLearning.app/$(BUNDLE_EXECUTABLE_FOLDER_PATH)/AdvancedLearning";
			};
			name = Release;
		};
/* End XCBuildConfiguration section */

/* Begin XCConfigurationList section */
		ED5324A62AFD638C00817B3D /* Build configuration list for PBXProject "AdvancedLearning" */ = {
			isa = XCConfigurationList;
			buildConfigurations = (
				ED5324BC2AFD638E00817B3D /* Debug */,
				ED5324BD2AFD638E00817B3D /* Release */,
			);
			defaultConfigurationIsVisible = 0;
			defaultConfigurationName = Release;
		};
		ED5324BE2AFD638E00817B3D /* Build configuration list for PBXNativeTarget "AdvancedLearning" */ = {
			isa = XCConfigurationList;
			buildConfigurations = (
				ED5324BF2AFD638E00817B3D /* Debug */,
				ED5324C02AFD638E00817B3D /* Release */,
			);
			defaultConfigurationIsVisible = 0;
			defaultConfigurationName = Release;
		};
		EDB9939E2B23BDCD00B90990 /* Build configuration list for PBXNativeTarget "AdvancedLearning_UITests" */ = {
			isa = XCConfigurationList;
			buildConfigurations = (
				EDB9939F2B23BDCD00B90990 /* Debug */,
				EDB993A02B23BDCD00B90990 /* Release */,
			);
			defaultConfigurationIsVisible = 0;
			defaultConfigurationName = Release;
		};
		EDDACA582B0FA5D00089C94D /* Build configuration list for PBXNativeTarget "AdvancedLearning_Tests" */ = {
			isa = XCConfigurationList;
			buildConfigurations = (
				EDDACA592B0FA5D00089C94D /* Debug */,
				EDDACA5A2B0FA5D00089C94D /* Release */,
			);
			defaultConfigurationIsVisible = 0;
			defaultConfigurationName = Release;
		};
/* End XCConfigurationList section */
	};
	rootObject = ED5324A32AFD638C00817B3D /* Project object */;
}
