// !$*UTF8*$!
{
	archiveVersion = 1;
	classes = {
	};
	objectVersion = 56;
	objects = {

/* Begin PBXBuildFile section */
		ED0A88112B0267F50074A696 /* AnimatableDataBootCamp.swift in Sources */ = {isa = PBXBuildFile; fileRef = ED0A88102B0267F50074A696 /* AnimatableDataBootCamp.swift */; };
		ED0A88132B026D350074A696 /* GenericsBootCamp.swift in Sources */ = {isa = PBXBuildFile; fileRef = ED0A88122B026D350074A696 /* GenericsBootCamp.swift */; };
		ED1728FD2AFFC07600A76DA3 /* AnyTransitionBootCamp.swift in Sources */ = {isa = PBXBuildFile; fileRef = ED1728FC2AFFC07600A76DA3 /* AnyTransitionBootCamp.swift */; };
		ED18780B2B00F37D007C20D4 /* CustomShapesBootCamp.swift in Sources */ = {isa = PBXBuildFile; fileRef = ED18780A2B00F37D007C20D4 /* CustomShapesBootCamp.swift */; };
		ED18780D2B00F9C0007C20D4 /* CustomCurvesBootCamp.swift in Sources */ = {isa = PBXBuildFile; fileRef = ED18780C2B00F9C0007C20D4 /* CustomCurvesBootCamp.swift */; };
		ED5324AF2AFD638C00817B3D /* AdvancedLearningApp.swift in Sources */ = {isa = PBXBuildFile; fileRef = ED5324AE2AFD638C00817B3D /* AdvancedLearningApp.swift */; };
		ED5324B32AFD638E00817B3D /* Assets.xcassets in Resources */ = {isa = PBXBuildFile; fileRef = ED5324B22AFD638E00817B3D /* Assets.xcassets */; };
		ED5324B62AFD638E00817B3D /* Preview Assets.xcassets in Resources */ = {isa = PBXBuildFile; fileRef = ED5324B52AFD638E00817B3D /* Preview Assets.xcassets */; };
		ED5324C22AFD63F100817B3D /* ViewModifierBootCamp.swift in Sources */ = {isa = PBXBuildFile; fileRef = ED5324C12AFD63F100817B3D /* ViewModifierBootCamp.swift */; };
		ED57E7892AFFCB180003D3D5 /* MatchedGeomteryEffectBootCamp.swift in Sources */ = {isa = PBXBuildFile; fileRef = ED57E7882AFFCB180003D3D5 /* MatchedGeomteryEffectBootCamp.swift */; };
		ED88E1722AFE7191007F7C8C /* ButtonStyleBootcamp.swift in Sources */ = {isa = PBXBuildFile; fileRef = ED88E1712AFE7191007F7C8C /* ButtonStyleBootcamp.swift */; };
/* End PBXBuildFile section */

/* Begin PBXFileReference section */
		ED0A88102B0267F50074A696 /* AnimatableDataBootCamp.swift */ = {isa = PBXFileReference; lastKnownFileType = sourcecode.swift; path = AnimatableDataBootCamp.swift; sourceTree = "<group>"; };
		ED0A88122B026D350074A696 /* GenericsBootCamp.swift */ = {isa = PBXFileReference; lastKnownFileType = sourcecode.swift; path = GenericsBootCamp.swift; sourceTree = "<group>"; };
		ED1728FC2AFFC07600A76DA3 /* AnyTransitionBootCamp.swift */ = {isa = PBXFileReference; lastKnownFileType = sourcecode.swift; path = AnyTransitionBootCamp.swift; sourceTree = "<group>"; };
		ED18780A2B00F37D007C20D4 /* CustomShapesBootCamp.swift */ = {isa = PBXFileReference; lastKnownFileType = sourcecode.swift; path = CustomShapesBootCamp.swift; sourceTree = "<group>"; };
		ED18780C2B00F9C0007C20D4 /* CustomCurvesBootCamp.swift */ = {isa = PBXFileReference; lastKnownFileType = sourcecode.swift; path = CustomCurvesBootCamp.swift; sourceTree = "<group>"; };
		ED5324AB2AFD638C00817B3D /* AdvancedLearning.app */ = {isa = PBXFileReference; explicitFileType = wrapper.application; includeInIndex = 0; path = AdvancedLearning.app; sourceTree = BUILT_PRODUCTS_DIR; };
		ED5324AE2AFD638C00817B3D /* AdvancedLearningApp.swift */ = {isa = PBXFileReference; lastKnownFileType = sourcecode.swift; path = AdvancedLearningApp.swift; sourceTree = "<group>"; };
		ED5324B22AFD638E00817B3D /* Assets.xcassets */ = {isa = PBXFileReference; lastKnownFileType = folder.assetcatalog; path = Assets.xcassets; sourceTree = "<group>"; };
		ED5324B52AFD638E00817B3D /* Preview Assets.xcassets */ = {isa = PBXFileReference; lastKnownFileType = folder.assetcatalog; path = "Preview Assets.xcassets"; sourceTree = "<group>"; };
		ED5324C12AFD63F100817B3D /* ViewModifierBootCamp.swift */ = {isa = PBXFileReference; lastKnownFileType = sourcecode.swift; path = ViewModifierBootCamp.swift; sourceTree = "<group>"; };
		ED57E7882AFFCB180003D3D5 /* MatchedGeomteryEffectBootCamp.swift */ = {isa = PBXFileReference; lastKnownFileType = sourcecode.swift; path = MatchedGeomteryEffectBootCamp.swift; sourceTree = "<group>"; };
		ED88E1712AFE7191007F7C8C /* ButtonStyleBootcamp.swift */ = {isa = PBXFileReference; lastKnownFileType = sourcecode.swift; path = ButtonStyleBootcamp.swift; sourceTree = "<group>"; };
/* End PBXFileReference section */

/* Begin PBXFrameworksBuildPhase section */
		ED5324A82AFD638C00817B3D /* Frameworks */ = {
			isa = PBXFrameworksBuildPhase;
			buildActionMask = 2147483647;
			files = (
			);
			runOnlyForDeploymentPostprocessing = 0;
		};
/* End PBXFrameworksBuildPhase section */

/* Begin PBXGroup section */
		ED5324A22AFD638C00817B3D = {
			isa = PBXGroup;
			children = (
				ED5324AD2AFD638C00817B3D /* AdvancedLearning */,
				ED5324AC2AFD638C00817B3D /* Products */,
			);
			sourceTree = "<group>";
		};
		ED5324AC2AFD638C00817B3D /* Products */ = {
			isa = PBXGroup;
			children = (
				ED5324AB2AFD638C00817B3D /* AdvancedLearning.app */,
			);
			name = Products;
			sourceTree = "<group>";
		};
		ED5324AD2AFD638C00817B3D /* AdvancedLearning */ = {
			isa = PBXGroup;
			children = (
				ED5324AE2AFD638C00817B3D /* AdvancedLearningApp.swift */,
				ED5324C12AFD63F100817B3D /* ViewModifierBootCamp.swift */,
				ED88E1712AFE7191007F7C8C /* ButtonStyleBootcamp.swift */,
				ED1728FC2AFFC07600A76DA3 /* AnyTransitionBootCamp.swift */,
				ED57E7882AFFCB180003D3D5 /* MatchedGeomteryEffectBootCamp.swift */,
				ED18780A2B00F37D007C20D4 /* CustomShapesBootCamp.swift */,
				ED18780C2B00F9C0007C20D4 /* CustomCurvesBootCamp.swift */,
				ED0A88102B0267F50074A696 /* AnimatableDataBootCamp.swift */,
				ED0A88122B026D350074A696 /* GenericsBootCamp.swift */,
				ED5324B22AFD638E00817B3D /* Assets.xcassets */,
				ED5324B42AFD638E00817B3D /* Preview Content */,
			);
			path = AdvancedLearning;
			sourceTree = "<group>";
		};
		ED5324B42AFD638E00817B3D /* Preview Content */ = {
			isa = PBXGroup;
			children = (
				ED5324B52AFD638E00817B3D /* Preview Assets.xcassets */,
			);
			path = "Preview Content";
			sourceTree = "<group>";
		};
/* End PBXGroup section */

/* Begin PBXNativeTarget section */
		ED5324AA2AFD638C00817B3D /* AdvancedLearning */ = {
			isa = PBXNativeTarget;
			buildConfigurationList = ED5324BE2AFD638E00817B3D /* Build configuration list for PBXNativeTarget "AdvancedLearning" */;
			buildPhases = (
				ED5324A72AFD638C00817B3D /* Sources */,
				ED5324A82AFD638C00817B3D /* Frameworks */,
				ED5324A92AFD638C00817B3D /* Resources */,
			);
			buildRules = (
			);
			dependencies = (
			);
			name = AdvancedLearning;
			productName = AdvancedLearning;
			productReference = ED5324AB2AFD638C00817B3D /* AdvancedLearning.app */;
			productType = "com.apple.product-type.application";
		};
/* End PBXNativeTarget section */

/* Begin PBXProject section */
		ED5324A32AFD638C00817B3D /* Project object */ = {
			isa = PBXProject;
			attributes = {
				BuildIndependentTargetsInParallel = 1;
				LastSwiftUpdateCheck = 1500;
				LastUpgradeCheck = 1500;
				TargetAttributes = {
					ED5324AA2AFD638C00817B3D = {
						CreatedOnToolsVersion = 15.0.1;
					};
				};
			};
			buildConfigurationList = ED5324A62AFD638C00817B3D /* Build configuration list for PBXProject "AdvancedLearning" */;
			compatibilityVersion = "Xcode 14.0";
			developmentRegion = en;
			hasScannedForEncodings = 0;
			knownRegions = (
				en,
				Base,
			);
			mainGroup = ED5324A22AFD638C00817B3D;
			productRefGroup = ED5324AC2AFD638C00817B3D /* Products */;
			projectDirPath = "";
			projectRoot = "";
			targets = (
				ED5324AA2AFD638C00817B3D /* AdvancedLearning */,
			);
		};
/* End PBXProject section */

/* Begin PBXResourcesBuildPhase section */
		ED5324A92AFD638C00817B3D /* Resources */ = {
			isa = PBXResourcesBuildPhase;
			buildActionMask = 2147483647;
			files = (
				ED5324B62AFD638E00817B3D /* Preview Assets.xcassets in Resources */,
				ED5324B32AFD638E00817B3D /* Assets.xcassets in Resources */,
			);
			runOnlyForDeploymentPostprocessing = 0;
		};
/* End PBXResourcesBuildPhase section */

/* Begin PBXSourcesBuildPhase section */
		ED5324A72AFD638C00817B3D /* Sources */ = {
			isa = PBXSourcesBuildPhase;
			buildActionMask = 2147483647;
			files = (
				ED88E1722AFE7191007F7C8C /* ButtonStyleBootcamp.swift in Sources */,
				ED18780B2B00F37D007C20D4 /* CustomShapesBootCamp.swift in Sources */,
				ED5324C22AFD63F100817B3D /* ViewModifierBootCamp.swift in Sources */,
				ED1728FD2AFFC07600A76DA3 /* AnyTransitionBootCamp.swift in Sources */,
				ED0A88112B0267F50074A696 /* AnimatableDataBootCamp.swift in Sources */,
				ED0A88132B026D350074A696 /* GenericsBootCamp.swift in Sources */,
				ED5324AF2AFD638C00817B3D /* AdvancedLearningApp.swift in Sources */,
				ED18780D2B00F9C0007C20D4 /* CustomCurvesBootCamp.swift in Sources */,
				ED57E7892AFFCB180003D3D5 /* MatchedGeomteryEffectBootCamp.swift in Sources */,
			);
			runOnlyForDeploymentPostprocessing = 0;
		};
/* End PBXSourcesBuildPhase section */

/* Begin XCBuildConfiguration section */
		ED5324BC2AFD638E00817B3D /* Debug */ = {
			isa = XCBuildConfiguration;
			buildSettings = {
				ALWAYS_SEARCH_USER_PATHS = NO;
				ASSETCATALOG_COMPILER_GENERATE_SWIFT_ASSET_SYMBOL_EXTENSIONS = YES;
				CLANG_ANALYZER_NONNULL = YES;
				CLANG_ANALYZER_NUMBER_OBJECT_CONVERSION = YES_AGGRESSIVE;
				CLANG_CXX_LANGUAGE_STANDARD = "gnu++20";
				CLANG_ENABLE_MODULES = YES;
				CLANG_ENABLE_OBJC_ARC = YES;
				CLANG_ENABLE_OBJC_WEAK = YES;
				CLANG_WARN_BLOCK_CAPTURE_AUTORELEASING = YES;
				CLANG_WARN_BOOL_CONVERSION = YES;
				CLANG_WARN_COMMA = YES;
				CLANG_WARN_CONSTANT_CONVERSION = YES;
				CLANG_WARN_DEPRECATED_OBJC_IMPLEMENTATIONS = YES;
				CLANG_WARN_DIRECT_OBJC_ISA_USAGE = YES_ERROR;
				CLANG_WARN_DOCUMENTATION_COMMENTS = YES;
				CLANG_WARN_EMPTY_BODY = YES;
				CLANG_WARN_ENUM_CONVERSION = YES;
				CLANG_WARN_INFINITE_RECURSION = YES;
				CLANG_WARN_INT_CONVERSION = YES;
				CLANG_WARN_NON_LITERAL_NULL_CONVERSION = YES;
				CLANG_WARN_OBJC_IMPLICIT_RETAIN_SELF = YES;
				CLANG_WARN_OBJC_LITERAL_CONVERSION = YES;
				CLANG_WARN_OBJC_ROOT_CLASS = YES_ERROR;
				CLANG_WARN_QUOTED_INCLUDE_IN_FRAMEWORK_HEADER = YES;
				CLANG_WARN_RANGE_LOOP_ANALYSIS = YES;
				CLANG_WARN_STRICT_PROTOTYPES = YES;
				CLANG_WARN_SUSPICIOUS_MOVE = YES;
				CLANG_WARN_UNGUARDED_AVAILABILITY = YES_AGGRESSIVE;
				CLANG_WARN_UNREACHABLE_CODE = YES;
				CLANG_WARN__DUPLICATE_METHOD_MATCH = YES;
				COPY_PHASE_STRIP = NO;
				DEBUG_INFORMATION_FORMAT = dwarf;
				ENABLE_STRICT_OBJC_MSGSEND = YES;
				ENABLE_TESTABILITY = YES;
				ENABLE_USER_SCRIPT_SANDBOXING = YES;
				GCC_C_LANGUAGE_STANDARD = gnu17;
				GCC_DYNAMIC_NO_PIC = NO;
				GCC_NO_COMMON_BLOCKS = YES;
				GCC_OPTIMIZATION_LEVEL = 0;
				GCC_PREPROCESSOR_DEFINITIONS = (
					"DEBUG=1",
					"$(inherited)",
				);
				GCC_WARN_64_TO_32_BIT_CONVERSION = YES;
				GCC_WARN_ABOUT_RETURN_TYPE = YES_ERROR;
				GCC_WARN_UNDECLARED_SELECTOR = YES;
				GCC_WARN_UNINITIALIZED_AUTOS = YES_AGGRESSIVE;
				GCC_WARN_UNUSED_FUNCTION = YES;
				GCC_WARN_UNUSED_VARIABLE = YES;
				IPHONEOS_DEPLOYMENT_TARGET = 17.0;
				LOCALIZATION_PREFERS_STRING_CATALOGS = YES;
				MTL_ENABLE_DEBUG_INFO = INCLUDE_SOURCE;
				MTL_FAST_MATH = YES;
				ONLY_ACTIVE_ARCH = YES;
				SDKROOT = iphoneos;
				SWIFT_ACTIVE_COMPILATION_CONDITIONS = "DEBUG $(inherited)";
				SWIFT_OPTIMIZATION_LEVEL = "-Onone";
			};
			name = Debug;
		};
		ED5324BD2AFD638E00817B3D /* Release */ = {
			isa = XCBuildConfiguration;
			buildSettings = {
				ALWAYS_SEARCH_USER_PATHS = NO;
				ASSETCATALOG_COMPILER_GENERATE_SWIFT_ASSET_SYMBOL_EXTENSIONS = YES;
				CLANG_ANALYZER_NONNULL = YES;
				CLANG_ANALYZER_NUMBER_OBJECT_CONVERSION = YES_AGGRESSIVE;
				CLANG_CXX_LANGUAGE_STANDARD = "gnu++20";
				CLANG_ENABLE_MODULES = YES;
				CLANG_ENABLE_OBJC_ARC = YES;
				CLANG_ENABLE_OBJC_WEAK = YES;
				CLANG_WARN_BLOCK_CAPTURE_AUTORELEASING = YES;
				CLANG_WARN_BOOL_CONVERSION = YES;
				CLANG_WARN_COMMA = YES;
				CLANG_WARN_CONSTANT_CONVERSION = YES;
				CLANG_WARN_DEPRECATED_OBJC_IMPLEMENTATIONS = YES;
				CLANG_WARN_DIRECT_OBJC_ISA_USAGE = YES_ERROR;
				CLANG_WARN_DOCUMENTATION_COMMENTS = YES;
				CLANG_WARN_EMPTY_BODY = YES;
				CLANG_WARN_ENUM_CONVERSION = YES;
				CLANG_WARN_INFINITE_RECURSION = YES;
				CLANG_WARN_INT_CONVERSION = YES;
				CLANG_WARN_NON_LITERAL_NULL_CONVERSION = YES;
				CLANG_WARN_OBJC_IMPLICIT_RETAIN_SELF = YES;
				CLANG_WARN_OBJC_LITERAL_CONVERSION = YES;
				CLANG_WARN_OBJC_ROOT_CLASS = YES_ERROR;
				CLANG_WARN_QUOTED_INCLUDE_IN_FRAMEWORK_HEADER = YES;
				CLANG_WARN_RANGE_LOOP_ANALYSIS = YES;
				CLANG_WARN_STRICT_PROTOTYPES = YES;
				CLANG_WARN_SUSPICIOUS_MOVE = YES;
				CLANG_WARN_UNGUARDED_AVAILABILITY = YES_AGGRESSIVE;
				CLANG_WARN_UNREACHABLE_CODE = YES;
				CLANG_WARN__DUPLICATE_METHOD_MATCH = YES;
				COPY_PHASE_STRIP = NO;
				DEBUG_INFORMATION_FORMAT = "dwarf-with-dsym";
				ENABLE_NS_ASSERTIONS = NO;
				ENABLE_STRICT_OBJC_MSGSEND = YES;
				ENABLE_USER_SCRIPT_SANDBOXING = YES;
				GCC_C_LANGUAGE_STANDARD = gnu17;
				GCC_NO_COMMON_BLOCKS = YES;
				GCC_WARN_64_TO_32_BIT_CONVERSION = YES;
				GCC_WARN_ABOUT_RETURN_TYPE = YES_ERROR;
				GCC_WARN_UNDECLARED_SELECTOR = YES;
				GCC_WARN_UNINITIALIZED_AUTOS = YES_AGGRESSIVE;
				GCC_WARN_UNUSED_FUNCTION = YES;
				GCC_WARN_UNUSED_VARIABLE = YES;
				IPHONEOS_DEPLOYMENT_TARGET = 17.0;
				LOCALIZATION_PREFERS_STRING_CATALOGS = YES;
				MTL_ENABLE_DEBUG_INFO = NO;
				MTL_FAST_MATH = YES;
				SDKROOT = iphoneos;
				SWIFT_COMPILATION_MODE = wholemodule;
				VALIDATE_PRODUCT = YES;
			};
			name = Release;
		};
		ED5324BF2AFD638E00817B3D /* Debug */ = {
			isa = XCBuildConfiguration;
			buildSettings = {
				ASSETCATALOG_COMPILER_APPICON_NAME = AppIcon;
				ASSETCATALOG_COMPILER_GLOBAL_ACCENT_COLOR_NAME = AccentColor;
				CODE_SIGN_STYLE = Automatic;
				CURRENT_PROJECT_VERSION = 1;
				DEVELOPMENT_ASSET_PATHS = "\"AdvancedLearning/Preview Content\"";
				DEVELOPMENT_TEAM = HU9APFQH4U;
				ENABLE_PREVIEWS = YES;
				GENERATE_INFOPLIST_FILE = YES;
				INFOPLIST_KEY_UIApplicationSceneManifest_Generation = YES;
				INFOPLIST_KEY_UIApplicationSupportsIndirectInputEvents = YES;
				INFOPLIST_KEY_UILaunchScreen_Generation = YES;
				INFOPLIST_KEY_UISupportedInterfaceOrientations_iPad = "UIInterfaceOrientationPortrait UIInterfaceOrientationPortraitUpsideDown UIInterfaceOrientationLandscapeLeft UIInterfaceOrientationLandscapeRight";
				INFOPLIST_KEY_UISupportedInterfaceOrientations_iPhone = "UIInterfaceOrientationPortrait UIInterfaceOrientationLandscapeLeft UIInterfaceOrientationLandscapeRight";
				LD_RUNPATH_SEARCH_PATHS = (
					"$(inherited)",
					"@executable_path/Frameworks",
				);
				MARKETING_VERSION = 1.0;
				PRODUCT_BUNDLE_IDENTIFIER = com.horevyinazar.AdvancedLearning;
				PRODUCT_NAME = "$(TARGET_NAME)";
				SWIFT_EMIT_LOC_STRINGS = YES;
				SWIFT_VERSION = 5.0;
				TARGETED_DEVICE_FAMILY = "1,2";
			};
			name = Debug;
		};
		ED5324C02AFD638E00817B3D /* Release */ = {
			isa = XCBuildConfiguration;
			buildSettings = {
				ASSETCATALOG_COMPILER_APPICON_NAME = AppIcon;
				ASSETCATALOG_COMPILER_GLOBAL_ACCENT_COLOR_NAME = AccentColor;
				CODE_SIGN_STYLE = Automatic;
				CURRENT_PROJECT_VERSION = 1;
				DEVELOPMENT_ASSET_PATHS = "\"AdvancedLearning/Preview Content\"";
				DEVELOPMENT_TEAM = HU9APFQH4U;
				ENABLE_PREVIEWS = YES;
				GENERATE_INFOPLIST_FILE = YES;
				INFOPLIST_KEY_UIApplicationSceneManifest_Generation = YES;
				INFOPLIST_KEY_UIApplicationSupportsIndirectInputEvents = YES;
				INFOPLIST_KEY_UILaunchScreen_Generation = YES;
				INFOPLIST_KEY_UISupportedInterfaceOrientations_iPad = "UIInterfaceOrientationPortrait UIInterfaceOrientationPortraitUpsideDown UIInterfaceOrientationLandscapeLeft UIInterfaceOrientationLandscapeRight";
				INFOPLIST_KEY_UISupportedInterfaceOrientations_iPhone = "UIInterfaceOrientationPortrait UIInterfaceOrientationLandscapeLeft UIInterfaceOrientationLandscapeRight";
				LD_RUNPATH_SEARCH_PATHS = (
					"$(inherited)",
					"@executable_path/Frameworks",
				);
				MARKETING_VERSION = 1.0;
				PRODUCT_BUNDLE_IDENTIFIER = com.horevyinazar.AdvancedLearning;
				PRODUCT_NAME = "$(TARGET_NAME)";
				SWIFT_EMIT_LOC_STRINGS = YES;
				SWIFT_VERSION = 5.0;
				TARGETED_DEVICE_FAMILY = "1,2";
			};
			name = Release;
		};
/* End XCBuildConfiguration section */

/* Begin XCConfigurationList section */
		ED5324A62AFD638C00817B3D /* Build configuration list for PBXProject "AdvancedLearning" */ = {
			isa = XCConfigurationList;
			buildConfigurations = (
				ED5324BC2AFD638E00817B3D /* Debug */,
				ED5324BD2AFD638E00817B3D /* Release */,
			);
			defaultConfigurationIsVisible = 0;
			defaultConfigurationName = Release;
		};
		ED5324BE2AFD638E00817B3D /* Build configuration list for PBXNativeTarget "AdvancedLearning" */ = {
			isa = XCConfigurationList;
			buildConfigurations = (
				ED5324BF2AFD638E00817B3D /* Debug */,
				ED5324C02AFD638E00817B3D /* Release */,
			);
			defaultConfigurationIsVisible = 0;
			defaultConfigurationName = Release;
		};
/* End XCConfigurationList section */
	};
	rootObject = ED5324A32AFD638C00817B3D /* Project object */;
}
